
Microsoft Visual Studio Solution File, Format Version 12.00
# Visual Studio Version 16
VisualStudioVersion = 16.0.29201.188
MinimumVisualStudioVersion = 15.0.26124.0
Project("{2150E333-8FDC-42A3-9474-1A3956D46DE8}") = ".build", ".build", "{0A5C5551-4667-41EF-8563-931C61BD6477}"
	ProjectSection(SolutionItems) = preProject
		paket.dependencies = paket.dependencies
	EndProjectSection
EndProject
Project("{2150E333-8FDC-42A3-9474-1A3956D46DE8}") = "src", "src", "{9C042346-EABC-4E9F-9807-AF0FB82C3406}"
EndProject
Project("{6EC3EE1D-3C4E-46DD-8F32-0CC8E7565705}") = "FSharp.Data.LiteralProviders", "src\FSharp.Data.LiteralProviders\FSharp.Data.LiteralProviders.fsproj", "{0C196B75-8AC1-4BCF-A91B-ACC9BF159DE0}"
EndProject
Project("{2150E333-8FDC-42A3-9474-1A3956D46DE8}") = "tests", "tests", "{960632CB-1F86-4874-809D-D75980B983A9}"
EndProject
Project("{6EC3EE1D-3C4E-46DD-8F32-0CC8E7565705}") = "FSharp.Data.LiteralProviders.Tests", "tests\FSharp.Data.LiteralProviders.Tests\FSharp.Data.LiteralProviders.Tests.fsproj", "{C6C5B260-69A7-41D8-B183-CB3C506C8921}"
EndProject
Global
	GlobalSection(SolutionConfigurationPlatforms) = preSolution
		Debug|Any CPU = Debug|Any CPU
		Debug|x64 = Debug|x64
		Debug|x86 = Debug|x86
		Release|Any CPU = Release|Any CPU
		Release|x64 = Release|x64
		Release|x86 = Release|x86
	EndGlobalSection
	GlobalSection(ProjectConfigurationPlatforms) = postSolution
		{0C196B75-8AC1-4BCF-A91B-ACC9BF159DE0}.Debug|Any CPU.ActiveCfg = Debug|Any CPU
		{0C196B75-8AC1-4BCF-A91B-ACC9BF159DE0}.Debug|Any CPU.Build.0 = Debug|Any CPU
		{0C196B75-8AC1-4BCF-A91B-ACC9BF159DE0}.Debug|x64.ActiveCfg = Debug|Any CPU
		{0C196B75-8AC1-4BCF-A91B-ACC9BF159DE0}.Debug|x64.Build.0 = Debug|Any CPU
		{0C196B75-8AC1-4BCF-A91B-ACC9BF159DE0}.Debug|x86.ActiveCfg = Debug|Any CPU
		{0C196B75-8AC1-4BCF-A91B-ACC9BF159DE0}.Debug|x86.Build.0 = Debug|Any CPU
		{0C196B75-8AC1-4BCF-A91B-ACC9BF159DE0}.Release|Any CPU.ActiveCfg = Release|Any CPU
		{0C196B75-8AC1-4BCF-A91B-ACC9BF159DE0}.Release|Any CPU.Build.0 = Release|Any CPU
		{0C196B75-8AC1-4BCF-A91B-ACC9BF159DE0}.Release|x64.ActiveCfg = Release|Any CPU
		{0C196B75-8AC1-4BCF-A91B-ACC9BF159DE0}.Release|x64.Build.0 = Release|Any CPU
		{0C196B75-8AC1-4BCF-A91B-ACC9BF159DE0}.Release|x86.ActiveCfg = Release|Any CPU
		{0C196B75-8AC1-4BCF-A91B-ACC9BF159DE0}.Release|x86.Build.0 = Release|Any CPU
		{C6C5B260-69A7-41D8-B183-CB3C506C8921}.Debug|Any CPU.ActiveCfg = Debug|Any CPU
		{C6C5B260-69A7-41D8-B183-CB3C506C8921}.Debug|Any CPU.Build.0 = Debug|Any CPU
		{C6C5B260-69A7-41D8-B183-CB3C506C8921}.Debug|x64.ActiveCfg = Debug|Any CPU
		{C6C5B260-69A7-41D8-B183-CB3C506C8921}.Debug|x64.Build.0 = Debug|Any CPU
		{C6C5B260-69A7-41D8-B183-CB3C506C8921}.Debug|x86.ActiveCfg = Debug|Any CPU
		{C6C5B260-69A7-41D8-B183-CB3C506C8921}.Debug|x86.Build.0 = Debug|Any CPU
		{C6C5B260-69A7-41D8-B183-CB3C506C8921}.Release|Any CPU.ActiveCfg = Release|Any CPU
		{C6C5B260-69A7-41D8-B183-CB3C506C8921}.Release|Any CPU.Build.0 = Release|Any CPU
		{C6C5B260-69A7-41D8-B183-CB3C506C8921}.Release|x64.ActiveCfg = Release|Any CPU
		{C6C5B260-69A7-41D8-B183-CB3C506C8921}.Release|x64.Build.0 = Release|Any CPU
		{C6C5B260-69A7-41D8-B183-CB3C506C8921}.Release|x86.ActiveCfg = Release|Any CPU
		{C6C5B260-69A7-41D8-B183-CB3C506C8921}.Release|x86.Build.0 = Release|Any CPU
	EndGlobalSection
	GlobalSection(SolutionProperties) = preSolution
		HideSolutionNode = FALSE
	EndGlobalSection
	GlobalSection(NestedProjects) = preSolution
		{0C196B75-8AC1-4BCF-A91B-ACC9BF159DE0} = {9C042346-EABC-4E9F-9807-AF0FB82C3406}
		{C6C5B260-69A7-41D8-B183-CB3C506C8921} = {960632CB-1F86-4874-809D-D75980B983A9}
	EndGlobalSection
	GlobalSection(ExtensibilityGlobals) = postSolution
		SolutionGuid = {631AEB6C-30D7-4794-91A0-49030CAF9495}
	EndGlobalSection
EndGlobal
